
Microsoft Visual Studio Solution File, Format Version 12.00
# Visual Studio 15
Project("{FAE04EC0-301F-11D3-BF4B-00C04F79EFBC}") = "Assembly-CSharp", "Assembly-CSharp.csproj", "{A4CE8E9E-56DE-3DDE-243D-0036E137DA60}"
EndProject
Project("{FAE04EC0-301F-11D3-BF4B-00C04F79EFBC}") = "VuforiaScripts", "VuforiaScripts.csproj", "{E42E5F70-1D53-4F5E-ECE5-DABD1CE90386}"
EndProject
Project("{FAE04EC0-301F-11D3-BF4B-00C04F79EFBC}") = "Assembly-CSharp-Editor", "Assembly-CSharp-Editor.csproj", "{3712A4C7-B636-4B41-1C00-2194B2563055}"
EndProject
Project("{FAE04EC0-301F-11D3-BF4B-00C04F79EFBC}") = "VuforiaEditorScripts", "VuforiaEditorScripts.csproj", "{35A59BE3-9A84-5AEC-D9D5-3A706E61A216}"
EndProject
Global
	GlobalSection(SolutionConfigurationPlatforms) = preSolution
		Debug|Any CPU = Debug|Any CPU
		Release|Any CPU = Release|Any CPU
	EndGlobalSection
	GlobalSection(ProjectConfigurationPlatforms) = postSolution
		{A4CE8E9E-56DE-3DDE-243D-0036E137DA60}.Debug|Any CPU.ActiveCfg = Debug|Any CPU
		{A4CE8E9E-56DE-3DDE-243D-0036E137DA60}.Debug|Any CPU.Build.0 = Debug|Any CPU
		{A4CE8E9E-56DE-3DDE-243D-0036E137DA60}.Release|Any CPU.ActiveCfg = Release|Any CPU
		{A4CE8E9E-56DE-3DDE-243D-0036E137DA60}.Release|Any CPU.Build.0 = Release|Any CPU
		{E42E5F70-1D53-4F5E-ECE5-DABD1CE90386}.Debug|Any CPU.ActiveCfg = Debug|Any CPU
		{E42E5F70-1D53-4F5E-ECE5-DABD1CE90386}.Debug|Any CPU.Build.0 = Debug|Any CPU
		{E42E5F70-1D53-4F5E-ECE5-DABD1CE90386}.Release|Any CPU.ActiveCfg = Release|Any CPU
		{E42E5F70-1D53-4F5E-ECE5-DABD1CE90386}.Release|Any CPU.Build.0 = Release|Any CPU
		{3712A4C7-B636-4B41-1C00-2194B2563055}.Debug|Any CPU.ActiveCfg = Debug|Any CPU
		{3712A4C7-B636-4B41-1C00-2194B2563055}.Debug|Any CPU.Build.0 = Debug|Any CPU
		{3712A4C7-B636-4B41-1C00-2194B2563055}.Release|Any CPU.ActiveCfg = Release|Any CPU
		{3712A4C7-B636-4B41-1C00-2194B2563055}.Release|Any CPU.Build.0 = Release|Any CPU
		{35A59BE3-9A84-5AEC-D9D5-3A706E61A216}.Debug|Any CPU.ActiveCfg = Debug|Any CPU
		{35A59BE3-9A84-5AEC-D9D5-3A706E61A216}.Debug|Any CPU.Build.0 = Debug|Any CPU
		{35A59BE3-9A84-5AEC-D9D5-3A706E61A216}.Release|Any CPU.ActiveCfg = Release|Any CPU
		{35A59BE3-9A84-5AEC-D9D5-3A706E61A216}.Release|Any CPU.Build.0 = Release|Any CPU
	EndGlobalSection
	GlobalSection(SolutionProperties) = preSolution
		HideSolutionNode = FALSE
	EndGlobalSection
EndGlobal
