
Microsoft Visual Studio Solution File, Format Version 12.00
# Visual Studio 15
Project("{FAE04EC0-301F-11D3-BF4B-00C04F79EFBC}") = "Assembly-CSharp", "Assembly-CSharp.csproj", "{97344AD6-DF30-EDB4-995A-B07AAB9426CE}"
EndProject
Project("{FAE04EC0-301F-11D3-BF4B-00C04F79EFBC}") = "VuforiaScripts", "VuforiaScripts.csproj", "{33DC4296-537D-9833-0F31-B60097120A7C}"
EndProject
Project("{FAE04EC0-301F-11D3-BF4B-00C04F79EFBC}") = "Assembly-CSharp-Editor", "Assembly-CSharp-Editor.csproj", "{99618673-8504-979F-E381-4912811DDD3F}"
EndProject
Project("{FAE04EC0-301F-11D3-BF4B-00C04F79EFBC}") = "VuforiaEditorScripts", "VuforiaEditorScripts.csproj", "{962505FC-C57D-5989-67AC-F7FF5E528D39}"
EndProject
Global
	GlobalSection(SolutionConfigurationPlatforms) = preSolution
		Debug|Any CPU = Debug|Any CPU
		Release|Any CPU = Release|Any CPU
	EndGlobalSection
	GlobalSection(ProjectConfigurationPlatforms) = postSolution
		{97344AD6-DF30-EDB4-995A-B07AAB9426CE}.Debug|Any CPU.ActiveCfg = Debug|Any CPU
		{97344AD6-DF30-EDB4-995A-B07AAB9426CE}.Debug|Any CPU.Build.0 = Debug|Any CPU
		{97344AD6-DF30-EDB4-995A-B07AAB9426CE}.Release|Any CPU.ActiveCfg = Release|Any CPU
		{97344AD6-DF30-EDB4-995A-B07AAB9426CE}.Release|Any CPU.Build.0 = Release|Any CPU
		{33DC4296-537D-9833-0F31-B60097120A7C}.Debug|Any CPU.ActiveCfg = Debug|Any CPU
		{33DC4296-537D-9833-0F31-B60097120A7C}.Debug|Any CPU.Build.0 = Debug|Any CPU
		{33DC4296-537D-9833-0F31-B60097120A7C}.Release|Any CPU.ActiveCfg = Release|Any CPU
		{33DC4296-537D-9833-0F31-B60097120A7C}.Release|Any CPU.Build.0 = Release|Any CPU
		{99618673-8504-979F-E381-4912811DDD3F}.Debug|Any CPU.ActiveCfg = Debug|Any CPU
		{99618673-8504-979F-E381-4912811DDD3F}.Debug|Any CPU.Build.0 = Debug|Any CPU
		{99618673-8504-979F-E381-4912811DDD3F}.Release|Any CPU.ActiveCfg = Release|Any CPU
		{99618673-8504-979F-E381-4912811DDD3F}.Release|Any CPU.Build.0 = Release|Any CPU
		{962505FC-C57D-5989-67AC-F7FF5E528D39}.Debug|Any CPU.ActiveCfg = Debug|Any CPU
		{962505FC-C57D-5989-67AC-F7FF5E528D39}.Debug|Any CPU.Build.0 = Debug|Any CPU
		{962505FC-C57D-5989-67AC-F7FF5E528D39}.Release|Any CPU.ActiveCfg = Release|Any CPU
		{962505FC-C57D-5989-67AC-F7FF5E528D39}.Release|Any CPU.Build.0 = Release|Any CPU
	EndGlobalSection
	GlobalSection(SolutionProperties) = preSolution
		HideSolutionNode = FALSE
	EndGlobalSection
EndGlobal
